
Microsoft Visual Studio Solution File, Format Version 12.00
# Visual Studio Version 16
VisualStudioVersion = 16.0.30011.22
MinimumVisualStudioVersion = 10.0.40219.1
Project("{9A19103F-16F7-4668-BE54-9A1E7A4F7556}") = "StartEFCore", "StartEFCore\StartEFCore.csproj", "{9354CF02-EEA5-4EC2-B920-B24BF6AA5612}"
EndProject
Project("{FAE04EC0-301F-11D3-BF4B-00C04F79EFBC}") = "StartEFCore.Data", "StartEFCore.Data\StartEFCore.Data.csproj", "{569B57E7-D388-4980-A605-768823E721A8}"
EndProject
Global
	GlobalSection(SolutionConfigurationPlatforms) = preSolution
		Debug|Any CPU = Debug|Any CPU
		Release|Any CPU = Release|Any CPU
	EndGlobalSection
	GlobalSection(ProjectConfigurationPlatforms) = postSolution
		{9354CF02-EEA5-4EC2-B920-B24BF6AA5612}.Debug|Any CPU.ActiveCfg = Debug|Any CPU
		{9354CF02-EEA5-4EC2-B920-B24BF6AA5612}.Debug|Any CPU.Build.0 = Debug|Any CPU
		{9354CF02-EEA5-4EC2-B920-B24BF6AA5612}.Release|Any CPU.ActiveCfg = Release|Any CPU
		{9354CF02-EEA5-4EC2-B920-B24BF6AA5612}.Release|Any CPU.Build.0 = Release|Any CPU
		{569B57E7-D388-4980-A605-768823E721A8}.Debug|Any CPU.ActiveCfg = Debug|Any CPU
		{569B57E7-D388-4980-A605-768823E721A8}.Debug|Any CPU.Build.0 = Debug|Any CPU
		{569B57E7-D388-4980-A605-768823E721A8}.Release|Any CPU.ActiveCfg = Release|Any CPU
		{569B57E7-D388-4980-A605-768823E721A8}.Release|Any CPU.Build.0 = Release|Any CPU
	EndGlobalSection
	GlobalSection(SolutionProperties) = preSolution
		HideSolutionNode = FALSE
	EndGlobalSection
	GlobalSection(ExtensibilityGlobals) = postSolution
		SolutionGuid = {399F73BA-1D0E-4919-AB9B-C0D351EF322F}
	EndGlobalSection
EndGlobal
